
Microsoft Visual Studio Solution File, Format Version 12.00
# Visual Studio Version 17
VisualStudioVersion = 17.5.002.0
MinimumVisualStudioVersion = 10.0.40219.1
Project("{9A19103F-16F7-4668-BE54-9A1E7A4F7556}") = "the_bros_mc_1", "the_bros_mc_1.csproj", "{503D9054-DBD0-4DE9-8980-862061ABF6DB}"
EndProject
Global
	GlobalSection(SolutionConfigurationPlatforms) = preSolution
		Debug|Any CPU = Debug|Any CPU
		Release|Any CPU = Release|Any CPU
	EndGlobalSection
	GlobalSection(ProjectConfigurationPlatforms) = postSolution
		{503D9054-DBD0-4DE9-8980-862061ABF6DB}.Debug|Any CPU.ActiveCfg = Debug|Any CPU
		{503D9054-DBD0-4DE9-8980-862061ABF6DB}.Debug|Any CPU.Build.0 = Debug|Any CPU
		{503D9054-DBD0-4DE9-8980-862061ABF6DB}.Release|Any CPU.ActiveCfg = Release|Any CPU
		{503D9054-DBD0-4DE9-8980-862061ABF6DB}.Release|Any CPU.Build.0 = Release|Any CPU
	EndGlobalSection
	GlobalSection(SolutionProperties) = preSolution
		HideSolutionNode = FALSE
	EndGlobalSection
	GlobalSection(ExtensibilityGlobals) = postSolution
		SolutionGuid = {3F1A67FF-0183-4C7B-A3B2-DA6E79F00BC8}
	EndGlobalSection
EndGlobal
